
Microsoft Visual Studio Solution File, Format Version 12.00
# Visual Studio Version 16
VisualStudioVersion = 16.0.29111.141
MinimumVisualStudioVersion = 10.0.40219.1
Project("{9A19103F-16F7-4668-BE54-9A1E7A4F7556}") = "Compiler", "Compiler\Compiler.csproj", "{84B525AD-1188-4E7D-8E97-A4EFE9CB92D0}"
EndProject
Project("{9A19103F-16F7-4668-BE54-9A1E7A4F7556}") = "Compiler.Tests.Unit", "Compiler.Tests.Unit\Compiler.Tests.Unit.csproj", "{CE33A55B-D617-4391-A6A0-A832454088B7}"
EndProject
Project("{2150E333-8FDC-42A3-9474-1A3956D46DE8}") = "g4", "g4", "{1FB5BA86-E497-499C-8F66-3D58BAD1FCC2}"
	ProjectSection(SolutionItems) = preProject
		..\grammar\FluentLangLexer.g4 = ..\grammar\FluentLangLexer.g4
		..\grammar\FluentLangParser.g4 = ..\grammar\FluentLangParser.g4
	EndProjectSection
EndProject
Project("{2150E333-8FDC-42A3-9474-1A3956D46DE8}") = "Solution Items", "Solution Items", "{DA6862B5-CB14-421D-B036-0B340A5D677D}"
	ProjectSection(SolutionItems) = preProject
		.editorconfig = .editorconfig
	EndProjectSection
EndProject
Project("{9A19103F-16F7-4668-BE54-9A1E7A4F7556}") = "Runtime", "Runtime\Runtime.csproj", "{3B0A9096-288D-44ED-BEA4-7BE34AE9EF10}"
EndProject
Project("{9A19103F-16F7-4668-BE54-9A1E7A4F7556}") = "flc", "flc\flc.csproj", "{D9ACE98D-2C4A-43B3-86AA-A27C3DEBF8E3}"
EndProject
Project("{9A19103F-16F7-4668-BE54-9A1E7A4F7556}") = "flc.Tests.Unit", "flc.Tests.Unit\flc.Tests.Unit.csproj", "{5E955008-F54F-4356-BD76-77FBD9A7E137}"
EndProject
Project("{9A19103F-16F7-4668-BE54-9A1E7A4F7556}") = "flc.Tests.Integration", "flc.Tests.Integration\flc.Tests.Integration.csproj", "{0F0F06F5-1844-4C09-AC59-35060692BCE6}"
EndProject
Project("{9A19103F-16F7-4668-BE54-9A1E7A4F7556}") = "TestUtils", "TestUtils\TestUtils.csproj", "{9DCA566A-BFE9-4953-A0F5-5CECBC5BA2C7}"
EndProject
Project("{2150E333-8FDC-42A3-9474-1A3956D46DE8}") = "Tests", "Tests", "{46A1F6D7-4FF3-40D8-93D5-1140C0D0FAF6}"
EndProject
Global
	GlobalSection(SolutionConfigurationPlatforms) = preSolution
		Debug|Any CPU = Debug|Any CPU
		Release|Any CPU = Release|Any CPU
	EndGlobalSection
	GlobalSection(ProjectConfigurationPlatforms) = postSolution
		{84B525AD-1188-4E7D-8E97-A4EFE9CB92D0}.Debug|Any CPU.ActiveCfg = Debug|Any CPU
		{84B525AD-1188-4E7D-8E97-A4EFE9CB92D0}.Debug|Any CPU.Build.0 = Debug|Any CPU
		{84B525AD-1188-4E7D-8E97-A4EFE9CB92D0}.Release|Any CPU.ActiveCfg = Release|Any CPU
		{84B525AD-1188-4E7D-8E97-A4EFE9CB92D0}.Release|Any CPU.Build.0 = Release|Any CPU
		{CE33A55B-D617-4391-A6A0-A832454088B7}.Debug|Any CPU.ActiveCfg = Debug|Any CPU
		{CE33A55B-D617-4391-A6A0-A832454088B7}.Debug|Any CPU.Build.0 = Debug|Any CPU
		{CE33A55B-D617-4391-A6A0-A832454088B7}.Release|Any CPU.ActiveCfg = Release|Any CPU
		{CE33A55B-D617-4391-A6A0-A832454088B7}.Release|Any CPU.Build.0 = Release|Any CPU
		{3B0A9096-288D-44ED-BEA4-7BE34AE9EF10}.Debug|Any CPU.ActiveCfg = Debug|Any CPU
		{3B0A9096-288D-44ED-BEA4-7BE34AE9EF10}.Debug|Any CPU.Build.0 = Debug|Any CPU
		{3B0A9096-288D-44ED-BEA4-7BE34AE9EF10}.Release|Any CPU.ActiveCfg = Release|Any CPU
		{3B0A9096-288D-44ED-BEA4-7BE34AE9EF10}.Release|Any CPU.Build.0 = Release|Any CPU
		{D9ACE98D-2C4A-43B3-86AA-A27C3DEBF8E3}.Debug|Any CPU.ActiveCfg = Debug|Any CPU
		{D9ACE98D-2C4A-43B3-86AA-A27C3DEBF8E3}.Debug|Any CPU.Build.0 = Debug|Any CPU
		{D9ACE98D-2C4A-43B3-86AA-A27C3DEBF8E3}.Release|Any CPU.ActiveCfg = Release|Any CPU
		{D9ACE98D-2C4A-43B3-86AA-A27C3DEBF8E3}.Release|Any CPU.Build.0 = Release|Any CPU
		{5E955008-F54F-4356-BD76-77FBD9A7E137}.Debug|Any CPU.ActiveCfg = Debug|Any CPU
		{5E955008-F54F-4356-BD76-77FBD9A7E137}.Debug|Any CPU.Build.0 = Debug|Any CPU
		{5E955008-F54F-4356-BD76-77FBD9A7E137}.Release|Any CPU.ActiveCfg = Release|Any CPU
		{5E955008-F54F-4356-BD76-77FBD9A7E137}.Release|Any CPU.Build.0 = Release|Any CPU
		{0F0F06F5-1844-4C09-AC59-35060692BCE6}.Debug|Any CPU.ActiveCfg = Debug|Any CPU
		{0F0F06F5-1844-4C09-AC59-35060692BCE6}.Debug|Any CPU.Build.0 = Debug|Any CPU
		{0F0F06F5-1844-4C09-AC59-35060692BCE6}.Release|Any CPU.ActiveCfg = Release|Any CPU
		{0F0F06F5-1844-4C09-AC59-35060692BCE6}.Release|Any CPU.Build.0 = Release|Any CPU
		{9DCA566A-BFE9-4953-A0F5-5CECBC5BA2C7}.Debug|Any CPU.ActiveCfg = Debug|Any CPU
		{9DCA566A-BFE9-4953-A0F5-5CECBC5BA2C7}.Debug|Any CPU.Build.0 = Debug|Any CPU
		{9DCA566A-BFE9-4953-A0F5-5CECBC5BA2C7}.Release|Any CPU.ActiveCfg = Release|Any CPU
		{9DCA566A-BFE9-4953-A0F5-5CECBC5BA2C7}.Release|Any CPU.Build.0 = Release|Any CPU
	EndGlobalSection
	GlobalSection(SolutionProperties) = preSolution
		HideSolutionNode = FALSE
	EndGlobalSection
	GlobalSection(NestedProjects) = preSolution
		{CE33A55B-D617-4391-A6A0-A832454088B7} = {46A1F6D7-4FF3-40D8-93D5-1140C0D0FAF6}
		{5E955008-F54F-4356-BD76-77FBD9A7E137} = {46A1F6D7-4FF3-40D8-93D5-1140C0D0FAF6}
		{0F0F06F5-1844-4C09-AC59-35060692BCE6} = {46A1F6D7-4FF3-40D8-93D5-1140C0D0FAF6}
		{9DCA566A-BFE9-4953-A0F5-5CECBC5BA2C7} = {46A1F6D7-4FF3-40D8-93D5-1140C0D0FAF6}
	EndGlobalSection
	GlobalSection(ExtensibilityGlobals) = postSolution
		SolutionGuid = {2DD0EC17-8FA7-4792-8AA6-49B1BDA9C2B2}
	EndGlobalSection
EndGlobal
